
Microsoft Visual Studio Solution File, Format Version 12.00
# Visual Studio Version 16
VisualStudioVersion = 16.0.30907.101
MinimumVisualStudioVersion = 10.0.40219.1
Project("{FAE04EC0-301F-11D3-BF4B-00C04F79EFBC}") = "Paint", "Paint\Paint.csproj", "{4A90FDBD-8A43-4110-8613-A839FD208EB3}"
EndProject
Global
	GlobalSection(SolutionConfigurationPlatforms) = preSolution
		Debug|Any CPU = Debug|Any CPU
		Release|Any CPU = Release|Any CPU
	EndGlobalSection
	GlobalSection(ProjectConfigurationPlatforms) = postSolution
		{4A90FDBD-8A43-4110-8613-A839FD208EB3}.Debug|Any CPU.ActiveCfg = Debug|Any CPU
		{4A90FDBD-8A43-4110-8613-A839FD208EB3}.Debug|Any CPU.Build.0 = Debug|Any CPU
		{4A90FDBD-8A43-4110-8613-A839FD208EB3}.Release|Any CPU.ActiveCfg = Release|Any CPU
		{4A90FDBD-8A43-4110-8613-A839FD208EB3}.Release|Any CPU.Build.0 = Release|Any CPU
	EndGlobalSection
	GlobalSection(SolutionProperties) = preSolution
		HideSolutionNode = FALSE
	EndGlobalSection
	GlobalSection(ExtensibilityGlobals) = postSolution
		SolutionGuid = {C3D185D3-FA87-46D0-BC3B-D504E02B5106}
	EndGlobalSection
EndGlobal
